<?xml version="1.0" encoding="utf-8"?>
<Project ToolsVersion="4.0" xmlns="http://schemas.microsoft.com/developer/msbuild/2003">
  <ItemGroup>
    <Filter Include="Source Files">
      <UniqueIdentifier>{4FC737F1-C7A5-4376-A066-2A32D752A2FF}</UniqueIdentifier>
      <Extensions>cpp;c;cc;cxx;def;odl;idl;hpj;bat;asm;asmx</Extensions>
    </Filter>
    <Filter Include="Header Files">
      <UniqueIdentifier>{93995380-89BD-4b04-88EB-625FBE52EBFB}</UniqueIdentifier>
      <Extensions>h;hpp;hxx;hm;inl;inc;xsd</Extensions>
    </Filter>
    <Filter Include="Resource Files">
      <UniqueIdentifier>{67DA6AB6-F800-4c08-8B7A-83BB121AAD01}</UniqueIdentifier>
      <Extensions>rc;ico;cur;bmp;dlg;rc2;rct;bin;rgs;gif;jpg;jpeg;jpe;resx;tiff;tif;png;wav</Extensions>
    </Filter>
  </ItemGroup>
  <ItemGroup>
    <ClCompile Include="..\Intro\CodeGen.cxx">
      <Filter>Source Files</Filter>
    </ClCompile>
    <ClCompile Include="..\Intro\Environment.cxx">
      <Filter>Source Files</Filter>
    </ClCompile>
    <ClCompile Include="..\Intro\Expression.cxx">
      <Filter>Source Files</Filter>
    </ClCompile>
    <ClCompile Include="IntroTest.cxx">
      <Filter>Source Files</Filter>
    </ClCompile>
    <ClCompile Include="..\Intro\Parser.cpp">
      <Filter>Source Files</Filter>
    </ClCompile>
    <ClCompile Include="..\Intro\PerfHash.cxx">
      <Filter>Source Files</Filter>
    </ClCompile>
    <ClCompile Include="..\Intro\Scanner.cpp">
      <Filter>Source Files</Filter>
    </ClCompile>
    <ClCompile Include="stdafx.cpp">
      <Filter>Source Files</Filter>
    </ClCompile>
    <ClCompile Include="..\Intro\Type.cxx">
      <Filter>Source Files</Filter>
    </ClCompile>
    <ClCompile Include="..\Intro\TypeGraph.cxx">
      <Filter>Source Files</Filter>
    </ClCompile>
    <ClCompile Include="TypeTests.cxx">
      <Filter>Source Files</Filter>
    </ClCompile>
    <ClCompile Include="UtilityTests.cpp">
      <Filter>Source Files</Filter>
    </ClCompile>
    <ClCompile Include="utils.cpp">
      <Filter>Source Files</Filter>
    </ClCompile>
    <ClCompile Include="..\Intro\CodeGenEnvironment.cxx">
      <Filter>Source Files</Filter>
    </ClCompile>
    <ClCompile Include="..\Intro\city.cxx">
      <Filter>Source Files</Filter>
    </ClCompile>
    <ClCompile Include="..\Intro\Runtime.cxx">
      <Filter>Source Files</Filter>
    </ClCompile>
    <ClCompile Include="..\Intro\CodeGenModule.cxx">
      <Filter>Source Files</Filter>
    </ClCompile>
    <ClCompile Include="..\Intro\Statement.cxx">
      <Filter>Source Files</Filter>
    </ClCompile>
    <ClCompile Include="..\Intro\LibBasic.cxx">
      <Filter>Source Files</Filter>
    </ClCompile>
    <ClCompile Include="RuntimeLibTests.cxx">
      <Filter>Source Files</Filter>
    </ClCompile>
  </ItemGroup>
  <ItemGroup>
    <ClInclude Include="..\Intro\CodeGen.h">
      <Filter>Header Files</Filter>
    </ClInclude>
    <ClInclude Include="..\Intro\CodeGenEnvironment.h">
      <Filter>Header Files</Filter>
    </ClInclude>
    <ClInclude Include="..\Intro\Environment.h">
      <Filter>Header Files</Filter>
    </ClInclude>
    <ClInclude Include="..\Intro\Expression.h">
      <Filter>Header Files</Filter>
    </ClInclude>
    <ClInclude Include="..\Intro\Generators.h">
      <Filter>Header Files</Filter>
    </ClInclude>
    <ClInclude Include="..\Intro\Intro.h">
      <Filter>Header Files</Filter>
    </ClInclude>
    <ClInclude Include="..\Intro\Parser.h">
      <Filter>Header Files</Filter>
    </ClInclude>
    <ClInclude Include="..\Intro\PerfHash.h">
      <Filter>Header Files</Filter>
    </ClInclude>
    <ClInclude Include="..\Intro\RTType.h">
      <Filter>Header Files</Filter>
    </ClInclude>
    <ClInclude Include="..\Intro\Scanner.h">
      <Filter>Header Files</Filter>
    </ClInclude>
    <ClInclude Include="..\Intro\Statement.h">
      <Filter>Header Files</Filter>
    </ClInclude>
    <ClInclude Include="stdafx.h">
      <Filter>Header Files</Filter>
    </ClInclude>
    <ClInclude Include="targetver.h">
      <Filter>Header Files</Filter>
    </ClInclude>
    <ClInclude Include="..\Intro\Type.h">
      <Filter>Header Files</Filter>
    </ClInclude>
    <ClInclude Include="..\Intro\TypeGraph.h">
      <Filter>Header Files</Filter>
    </ClInclude>
    <ClInclude Include="..\Intro\TypePath.h">
      <Filter>Header Files</Filter>
    </ClInclude>
    <ClInclude Include="..\Intro\Utility.h">
      <Filter>Header Files</Filter>
    </ClInclude>
    <ClInclude Include="utils.h">
      <Filter>Header Files</Filter>
    </ClInclude>
    <ClInclude Include="..\Intro\city.h">
      <Filter>Header Files</Filter>
    </ClInclude>
    <ClInclude Include="..\Intro\Runtime.h">
      <Filter>Header Files</Filter>
    </ClInclude>
    <ClInclude Include="..\Intro\JIT.h">
      <Filter>Header Files</Filter>
    </ClInclude>
    <ClInclude Include="..\Intro\CodeGenModule.h">
      <Filter>Header Files</Filter>
    </ClInclude>
    <ClInclude Include="..\Intro\LibBasic.h">
      <Filter>Header Files</Filter>
    </ClInclude>
    <ClInclude Include="..\Intro\ErrorLogger.h">
      <Filter>Header Files</Filter>
    </ClInclude>
  </ItemGroup>
  <ItemGroup>
    <Text Include="ReadMe.txt" />
  </ItemGroup>
</Project>