<?xml version="1.0" encoding="utf-8"?>
<Project ToolsVersion="4.0" xmlns="http://schemas.microsoft.com/developer/msbuild/2003">
  <ItemGroup>
    <Filter Include="Source Files">
      <UniqueIdentifier>{4FC737F1-C7A5-4376-A066-2A32D752A2FF}</UniqueIdentifier>
      <Extensions>cpp;c;cc;cxx;def;odl;idl;hpj;bat;asm;asmx</Extensions>
    </Filter>
    <Filter Include="Header Files">
      <UniqueIdentifier>{93995380-89BD-4b04-88EB-625FBE52EBFB}</UniqueIdentifier>
      <Extensions>h;hpp;hxx;hm;inl;inc;xsd</Extensions>
    </Filter>
    <Filter Include="Resource Files">
      <UniqueIdentifier>{67DA6AB6-F800-4c08-8B7A-83BB121AAD01}</UniqueIdentifier>
      <Extensions>rc;ico;cur;bmp;dlg;rc2;rct;bin;rgs;gif;jpg;jpeg;jpe;resx;tiff;tif;png;wav</Extensions>
    </Filter>
  </ItemGroup>
  <ItemGroup>
    <ClCompile Include="BasicTesting.cxx">
      <Filter>Source Files</Filter>
    </ClCompile>
    <ClCompile Include="CodeGen.cxx">
      <Filter>Source Files</Filter>
    </ClCompile>
    <ClCompile Include="Environment.cxx">
      <Filter>Source Files</Filter>
    </ClCompile>
    <ClCompile Include="Expression.cxx">
      <Filter>Source Files</Filter>
    </ClCompile>
    <ClCompile Include="Intro.cxx">
      <Filter>Source Files</Filter>
    </ClCompile>
    <ClCompile Include="Parser.cpp">
      <Filter>Source Files</Filter>
    </ClCompile>
    <ClCompile Include="PerfHash.cxx">
      <Filter>Source Files</Filter>
    </ClCompile>
    <ClCompile Include="Runtime.cxx">
      <Filter>Source Files</Filter>
    </ClCompile>
    <ClCompile Include="Scanner.cpp">
      <Filter>Source Files</Filter>
    </ClCompile>
    <ClCompile Include="stdafx.cxx">
      <Filter>Source Files</Filter>
    </ClCompile>
    <ClCompile Include="Type.cxx">
      <Filter>Source Files</Filter>
    </ClCompile>
    <ClCompile Include="TypeGraph.cxx">
      <Filter>Source Files</Filter>
    </ClCompile>
    <ClCompile Include="CodeGenEnvironment.cxx">
      <Filter>Source Files</Filter>
    </ClCompile>
    <ClCompile Include="city.cxx">
      <Filter>Source Files</Filter>
    </ClCompile>
    <ClCompile Include="CodeGenModule.cxx">
      <Filter>Source Files</Filter>
    </ClCompile>
  </ItemGroup>
  <ItemGroup>
    <ClInclude Include="CodeGen.h">
      <Filter>Header Files</Filter>
    </ClInclude>
    <ClInclude Include="CodeGenEnvironment.h">
      <Filter>Header Files</Filter>
    </ClInclude>
    <ClInclude Include="Environment.h">
      <Filter>Header Files</Filter>
    </ClInclude>
    <ClInclude Include="Expression.h">
      <Filter>Header Files</Filter>
    </ClInclude>
    <ClInclude Include="Generators.h">
      <Filter>Header Files</Filter>
    </ClInclude>
    <ClInclude Include="Intro.h">
      <Filter>Header Files</Filter>
    </ClInclude>
    <ClInclude Include="Module.h">
      <Filter>Header Files</Filter>
    </ClInclude>
    <ClInclude Include="Parser.h">
      <Filter>Header Files</Filter>
    </ClInclude>
    <ClInclude Include="PerfHash.h">
      <Filter>Header Files</Filter>
    </ClInclude>
    <ClInclude Include="RTType.h">
      <Filter>Header Files</Filter>
    </ClInclude>
    <ClInclude Include="Scanner.h">
      <Filter>Header Files</Filter>
    </ClInclude>
    <ClInclude Include="Statement.h">
      <Filter>Header Files</Filter>
    </ClInclude>
    <ClInclude Include="stdafx.h">
      <Filter>Header Files</Filter>
    </ClInclude>
    <ClInclude Include="targetver.h">
      <Filter>Header Files</Filter>
    </ClInclude>
    <ClInclude Include="Type.h">
      <Filter>Header Files</Filter>
    </ClInclude>
    <ClInclude Include="TypeExpression.h">
      <Filter>Header Files</Filter>
    </ClInclude>
    <ClInclude Include="TypeGraph.h">
      <Filter>Header Files</Filter>
    </ClInclude>
    <ClInclude Include="TypePath.h">
      <Filter>Header Files</Filter>
    </ClInclude>
    <ClInclude Include="city.h">
      <Filter>Header Files</Filter>
    </ClInclude>
    <ClInclude Include="Runtime.h">
      <Filter>Header Files</Filter>
    </ClInclude>
    <ClInclude Include="JIT.h">
      <Filter>Header Files</Filter>
    </ClInclude>
    <ClInclude Include="CodeGenModule.h">
      <Filter>Header Files</Filter>
    </ClInclude>
  </ItemGroup>
  <ItemGroup>
    <Text Include="ReadMe.txt" />
  </ItemGroup>
  <ItemGroup>
    <CustomBuild Include="..\intro.atg" />
  </ItemGroup>
</Project>